Microsoft Visual Studio Solution File, Format Version 12.00
# Visual Studio Version 17
VisualStudioVersion = 17.0.31903.59
MinimumVisualStudioVersion = 10.0.40219.1
Project("{9A19103F-16F7-4668-BE54-9A1E7A4F7556}") = "InsureX.API", "InsureX.API\InsureX.API.csproj", "{API-GUID}"
EndProject
Project("{9A19103F-16F7-4668-BE54-9A1E7A4F7556}") = "InsureX.Application", "InsureX.Application\InsureX.Application.csproj", "{APP-GUID}"
EndProject
Project("{9A19103F-16F7-4668-BE54-9A1E7A4F7556}") = "InsureX.Domain", "InsureX.Domain\InsureX.Domain.csproj", "{DOMAIN-GUID}"
EndProject
Project("{9A19103F-16F7-4668-BE54-9A1E7A4F7556}") = "InsureX.Infrastructure", "InsureX.Infrastructure\InsureX.Infrastructure.csproj", "{INFRA-GUID}"
EndProject
Project("{9A19103F-16F7-4668-BE54-9A1E7A4F7556}") = "InsureX.Shared", "InsureX.Shared\InsureX.Shared.csproj", "{SHARED-GUID}"
EndProject
Project("{9A19103F-16F7-4668-BE54-9A1E7A4F7556}") = "InsureX.Tests", "InsureX.Tests\InsureX.Tests.csproj", "{TESTS-GUID}"
EndProject
Project("{9A19103F-16F7-4668-BE54-9A1E7A4F7556}") = "InsureX.SeedTool", "InsureX.SeedTool\InsureX.SeedTool.csproj", "{SEED-GUID}"
EndProject
Global
	GlobalSection(SolutionConfigurationPlatforms) = preSolution
		Debug|Any CPU = Debug|Any CPU
		Release|Any CPU = Release|Any CPU
	EndGlobalSection
	GlobalSection(ProjectConfigurationPlatforms) = postSolution
		{API-GUID}.Debug|Any CPU.ActiveCfg = Debug|Any CPU
		{API-GUID}.Debug|Any CPU.Build.0 = Debug|Any CPU
		{API-GUID}.Release|Any CPU.ActiveCfg = Release|Any CPU
		{API-GUID}.Release|Any CPU.Build.0 = Release|Any CPU
		{APP-GUID}.Debug|Any CPU.ActiveCfg = Debug|Any CPU
		{APP-GUID}.Debug|Any CPU.Build.0 = Debug|Any CPU
		{APP-GUID}.Release|Any CPU.ActiveCfg = Release|Any CPU
		{APP-GUID}.Release|Any CPU.Build.0 = Release|Any CPU
		{DOMAIN-GUID}.Debug|Any CPU.ActiveCfg = Debug|Any CPU
		{DOMAIN-GUID}.Debug|Any CPU.Build.0 = Debug|Any CPU
		{DOMAIN-GUID}.Release|Any CPU.ActiveCfg = Release|Any CPU
		{DOMAIN-GUID}.Release|Any CPU.Build.0 = Release|Any CPU
		{INFRA-GUID}.Debug|Any CPU.ActiveCfg = Debug|Any CPU
		{INFRA-GUID}.Debug|Any CPU.Build.0 = Debug|Any CPU
		{INFRA-GUID}.Release|Any CPU.ActiveCfg = Release|Any CPU
		{INFRA-GUID}.Release|Any CPU.Build.0 = Release|Any CPU
		{SHARED-GUID}.Debug|Any CPU.ActiveCfg = Debug|Any CPU
		{SHARED-GUID}.Debug|Any CPU.Build.0 = Debug|Any CPU
		{SHARED-GUID}.Release|Any CPU.ActiveCfg = Release|Any CPU
		{SHARED-GUID}.Release|Any CPU.Build.0 = Release|Any CPU
		{TESTS-GUID}.Debug|Any CPU.ActiveCfg = Debug|Any CPU
		{TESTS-GUID}.Debug|Any CPU.Build.0 = Debug|Any CPU
		{TESTS-GUID}.Release|Any CPU.ActiveCfg = Release|Any CPU
		{TESTS-GUID}.Release|Any CPU.Build.0 = Release|Any CPU
		{SEED-GUID}.Debug|Any CPU.ActiveCfg = Debug|Any CPU
		{SEED-GUID}.Debug|Any CPU.Build.0 = Debug|Any CPU
		{SEED-GUID}.Release|Any CPU.ActiveCfg = Release|Any CPU
		{SEED-GUID}.Release|Any CPU.Build.0 = Release|Any CPU
	EndGlobalSection
	GlobalSection(SolutionProperties) = preSolution
		HideSolutionNode = FALSE
	EndGlobalSection
EndGlobal